
Microsoft Visual Studio Solution File, Format Version 12.00
# Visual Studio Version 17
VisualStudioVersion = 17.1.32319.34
MinimumVisualStudioVersion = 10.0.40219.1
Project("{FAE04EC0-301F-11D3-BF4B-00C04F79EFBC}") = "WebBlog", "WebBlog\WebBlog.csproj", "{42FA9BB7-E156-42C1-838D-A92951D9CA64}"
EndProject
Global
	GlobalSection(SolutionConfigurationPlatforms) = preSolution
		Debug|Any CPU = Debug|Any CPU
		Release|Any CPU = Release|Any CPU
	EndGlobalSection
	GlobalSection(ProjectConfigurationPlatforms) = postSolution
		{42FA9BB7-E156-42C1-838D-A92951D9CA64}.Debug|Any CPU.ActiveCfg = Debug|Any CPU
		{42FA9BB7-E156-42C1-838D-A92951D9CA64}.Debug|Any CPU.Build.0 = Debug|Any CPU
		{42FA9BB7-E156-42C1-838D-A92951D9CA64}.Release|Any CPU.ActiveCfg = Release|Any CPU
		{42FA9BB7-E156-42C1-838D-A92951D9CA64}.Release|Any CPU.Build.0 = Release|Any CPU
	EndGlobalSection
	GlobalSection(SolutionProperties) = preSolution
		HideSolutionNode = FALSE
	EndGlobalSection
	GlobalSection(ExtensibilityGlobals) = postSolution
		SolutionGuid = {365BE03C-AB7A-437C-ABA2-4F8E39AA3149}
	EndGlobalSection
EndGlobal
